
Microsoft Visual Studio Solution File, Format Version 12.00
# Visual Studio 15
VisualStudioVersion = 15.0.28307.1169
MinimumVisualStudioVersion = 10.0.40219.1
Project("{FAE04EC0-301F-11D3-BF4B-00C04F79EFBC}") = "Valtest", "Sanofi - Selenium\Valtest.csproj", "{CEEC8CD2-5DE5-419E-ABBA-ECEA12470F5E}"
EndProject
Global
	GlobalSection(SolutionConfigurationPlatforms) = preSolution
		Debug|Any CPU = Debug|Any CPU
		Release|Any CPU = Release|Any CPU
	EndGlobalSection
	GlobalSection(ProjectConfigurationPlatforms) = postSolution
		{CEEC8CD2-5DE5-419E-ABBA-ECEA12470F5E}.Debug|Any CPU.ActiveCfg = Debug|Any CPU
		{CEEC8CD2-5DE5-419E-ABBA-ECEA12470F5E}.Debug|Any CPU.Build.0 = Debug|Any CPU
		{CEEC8CD2-5DE5-419E-ABBA-ECEA12470F5E}.Release|Any CPU.ActiveCfg = Release|Any CPU
		{CEEC8CD2-5DE5-419E-ABBA-ECEA12470F5E}.Release|Any CPU.Build.0 = Release|Any CPU
	EndGlobalSection
	GlobalSection(SolutionProperties) = preSolution
		HideSolutionNode = FALSE
	EndGlobalSection
	GlobalSection(ExtensibilityGlobals) = postSolution
		SolutionGuid = {D0F79151-4794-4179-B9AD-95526C7D5563}
	EndGlobalSection
EndGlobal
